
Microsoft Visual Studio Solution File, Format Version 12.00
# Visual Studio Version 16
VisualStudioVersion = 16.0.31129.286
MinimumVisualStudioVersion = 10.0.40219.1
Project("{FAE04EC0-301F-11D3-BF4B-00C04F79EFBC}") = "BagageSorting-WPFUI", "WPFUI\BagageSorting-WPFUI.csproj", "{2B9A0404-B7C8-43C3-BD7A-B5C32A59D119}"
EndProject
Project("{FAE04EC0-301F-11D3-BF4B-00C04F79EFBC}") = "BagageSorting_Engine", "BagageSorting_Engine\BagageSorting_Engine.csproj", "{EE26D28F-901E-4A04-858A-0B2DB22FD7D8}"
EndProject
Global
	GlobalSection(SolutionConfigurationPlatforms) = preSolution
		Debug|Any CPU = Debug|Any CPU
		Release|Any CPU = Release|Any CPU
	EndGlobalSection
	GlobalSection(ProjectConfigurationPlatforms) = postSolution
		{2B9A0404-B7C8-43C3-BD7A-B5C32A59D119}.Debug|Any CPU.ActiveCfg = Debug|Any CPU
		{2B9A0404-B7C8-43C3-BD7A-B5C32A59D119}.Debug|Any CPU.Build.0 = Debug|Any CPU
		{2B9A0404-B7C8-43C3-BD7A-B5C32A59D119}.Release|Any CPU.ActiveCfg = Release|Any CPU
		{2B9A0404-B7C8-43C3-BD7A-B5C32A59D119}.Release|Any CPU.Build.0 = Release|Any CPU
		{EE26D28F-901E-4A04-858A-0B2DB22FD7D8}.Debug|Any CPU.ActiveCfg = Debug|Any CPU
		{EE26D28F-901E-4A04-858A-0B2DB22FD7D8}.Debug|Any CPU.Build.0 = Debug|Any CPU
		{EE26D28F-901E-4A04-858A-0B2DB22FD7D8}.Release|Any CPU.ActiveCfg = Release|Any CPU
		{EE26D28F-901E-4A04-858A-0B2DB22FD7D8}.Release|Any CPU.Build.0 = Release|Any CPU
	EndGlobalSection
	GlobalSection(SolutionProperties) = preSolution
		HideSolutionNode = FALSE
	EndGlobalSection
	GlobalSection(ExtensibilityGlobals) = postSolution
		SolutionGuid = {317C2149-C5AB-4309-90A5-89536552D8E6}
	EndGlobalSection
EndGlobal
